// !$*UTF8*$!
{
	archiveVersion = 1;
	classes = {
	};
	objectVersion = 46;
	objects = {

/* Begin PBXBuildFile section */
		175E4BBA994CA30D66D2E07F /* PluginReviewJSHelper.cpp in Sources */ = {isa = PBXBuildFile; fileRef = B1684BBEB7C0BACA363E6E1C /* PluginReviewJSHelper.cpp */; };
		1A67682A180E9C060076BC67 /* libcocos2d Mac.a in Frameworks */ = {isa = PBXBuildFile; fileRef = 1AC6FB48180E9ACB004C840B /* libcocos2d Mac.a */; };
		1A676839180E9C1E0076BC67 /* libcocos2d iOS.a in Frameworks */ = {isa = PBXBuildFile; fileRef = 1AC6FB56180E9ACB004C840B /* libcocos2d iOS.a */; };
		1A82F5FB169AC92500C4B13A /* libsqlite3.dylib in Frameworks */ = {isa = PBXBuildFile; fileRef = 1A82F5FA169AC92500C4B13A /* libsqlite3.dylib */; };
		1AC22EDE18CA0E11007112B9 /* project.json in Resources */ = {isa = PBXBuildFile; fileRef = 1A1A081B18C9DF05005C6854 /* project.json */; };
		1AD7E0A818C9DB93004817A6 /* main.js in Resources */ = {isa = PBXBuildFile; fileRef = 1A6BF21418C9DB5900FB0E1C /* main.js */; };
		1AD7E0A918C9DBE3004817A6 /* main.js in Resources */ = {isa = PBXBuildFile; fileRef = 1A6BF21418C9DB5900FB0E1C /* main.js */; };
		1AE159EC18C9DF3600FCA372 /* project.json in Resources */ = {isa = PBXBuildFile; fileRef = 1A1A081B18C9DF05005C6854 /* project.json */; };
		209E4950B0AC9BB39D6AE0AB /* PluginSdkboxPlayJSHelper.cpp in Sources */ = {isa = PBXBuildFile; fileRef = 67C4447D945516142162E66B /* PluginSdkboxPlayJSHelper.cpp */; };
		221D94841D2F2B9C007D72D5 /* SharingBridge.mm in Sources */ = {isa = PBXBuildFile; fileRef = 221D94831D2F2B9C007D72D5 /* SharingBridge.mm */; };
		2243F5541D3558DB00ADB82E /* CampaignManager.cpp in Sources */ = {isa = PBXBuildFile; fileRef = 2243F5531D3558DB00ADB82E /* CampaignManager.cpp */; };
		2255AE9E1D2EDB6F00DC989E /* SharingController.m in Sources */ = {isa = PBXBuildFile; fileRef = 2255AE9D1D2EDB6F00DC989E /* SharingController.m */; };
		22C4092E1D0A241C00FB0601 /* Images.xcassets in Resources */ = {isa = PBXBuildFile; fileRef = 22C4092D1D0A241C00FB0601 /* Images.xcassets */; };
		22C409331D0A264B00FB0601 /* Default-568h@2x.png in Resources */ = {isa = PBXBuildFile; fileRef = 22C4092F1D0A264B00FB0601 /* Default-568h@2x.png */; };
		22C409341D0A264B00FB0601 /* Default-667h@2x.png in Resources */ = {isa = PBXBuildFile; fileRef = 22C409301D0A264B00FB0601 /* Default-667h@2x.png */; };
		22C409351D0A264B00FB0601 /* Default.png in Resources */ = {isa = PBXBuildFile; fileRef = 22C409311D0A264B00FB0601 /* Default.png */; };
		22C409361D0A264B00FB0601 /* Default@2x.png in Resources */ = {isa = PBXBuildFile; fileRef = 22C409321D0A264B00FB0601 /* Default@2x.png */; };
		24374930BCD86C187DE991C4 /* EventKit.framework in Frameworks */ = {isa = PBXBuildFile; fileRef = 693E46CBA121B2B12CF2EC2B /* EventKit.framework */; };
		29304A84A94A3DFAA8D8D4F3 /* StoreKit.framework in Frameworks */ = {isa = PBXBuildFile; fileRef = 236649848900E20B000514E6 /* StoreKit.framework */; };
		36CD40EFA130B13F629BA359 /* EventKitUI.framework in Frameworks */ = {isa = PBXBuildFile; fileRef = 97F34D5F80385C1245A5F9F1 /* EventKitUI.framework */; };
		39E74D97A9538E36357BBA3E /* PluginSdkboxPlayJS.cpp in Sources */ = {isa = PBXBuildFile; fileRef = 6E5E4659B60E2AA0C03FCF63 /* PluginSdkboxPlayJS.cpp */; };
		4EC44869A705F5C7EC9BAE66 /* PluginGoogleAnalytics.framework in Frameworks */ = {isa = PBXBuildFile; fileRef = 63F54AAEB2F9277B3572B233 /* PluginGoogleAnalytics.framework */; };
		502380DC17EBB88200990C9B /* libcurl.dylib in Frameworks */ = {isa = PBXBuildFile; fileRef = 502380DB17EBB88200990C9B /* libcurl.dylib */; };
		509D4A8117EBB24E00697056 /* AppDelegate.cpp in Sources */ = {isa = PBXBuildFile; fileRef = D4545215156E28EF00887EB5 /* AppDelegate.cpp */; };
		509D4A8817EBB24E00697056 /* libsqlite3.dylib in Frameworks */ = {isa = PBXBuildFile; fileRef = 1A82F5FA169AC92500C4B13A /* libsqlite3.dylib */; };
		509D4A8917EBB24E00697056 /* libz.dylib in Frameworks */ = {isa = PBXBuildFile; fileRef = D454520B156E22BD00887EB5 /* libz.dylib */; };
		509D4A8A17EBB24E00697056 /* QuartzCore.framework in Frameworks */ = {isa = PBXBuildFile; fileRef = A92275411517C094001B78AA /* QuartzCore.framework */; };
		509D4A8C17EBB24E00697056 /* OpenAL.framework in Frameworks */ = {isa = PBXBuildFile; fileRef = A92275451517C094001B78AA /* OpenAL.framework */; };
		509D4A8D17EBB24E00697056 /* AudioToolbox.framework in Frameworks */ = {isa = PBXBuildFile; fileRef = A92275471517C094001B78AA /* AudioToolbox.framework */; };
		509D4A8E17EBB24E00697056 /* AVFoundation.framework in Frameworks */ = {isa = PBXBuildFile; fileRef = A92275491517C094001B78AA /* AVFoundation.framework */; };
		509D4A9017EBB24E00697056 /* Foundation.framework in Frameworks */ = {isa = PBXBuildFile; fileRef = A922754D1517C094001B78AA /* Foundation.framework */; };
		509D4A9117EBB24E00697056 /* CoreGraphics.framework in Frameworks */ = {isa = PBXBuildFile; fileRef = A922754F1517C094001B78AA /* CoreGraphics.framework */; };
		509D4ABC17EBB2AB00697056 /* AppController.mm in Sources */ = {isa = PBXBuildFile; fileRef = 509D4AAC17EBB2AB00697056 /* AppController.mm */; };
		509D4AC817EBB2AB00697056 /* main.m in Sources */ = {isa = PBXBuildFile; fileRef = 509D4AB817EBB2AB00697056 /* main.m */; };
		509D4AC917EBB2AB00697056 /* RootViewController.mm in Sources */ = {isa = PBXBuildFile; fileRef = 509D4ABB17EBB2AB00697056 /* RootViewController.mm */; };
		509D4ACF17EBB2BE00697056 /* Icon.icns in Resources */ = {isa = PBXBuildFile; fileRef = 509D4ACB17EBB2BE00697056 /* Icon.icns */; };
		509D4AE717EBB81800697056 /* OpenGL.framework in Frameworks */ = {isa = PBXBuildFile; fileRef = 509D4AE617EBB81800697056 /* OpenGL.framework */; };
		509D4AE917EBB82000697056 /* AppKit.framework in Frameworks */ = {isa = PBXBuildFile; fileRef = 509D4AE817EBB82000697056 /* AppKit.framework */; };
		509D4AEB17EBB82600697056 /* IOKit.framework in Frameworks */ = {isa = PBXBuildFile; fileRef = 509D4AEA17EBB82600697056 /* IOKit.framework */; };
		670C46ED871DC90360ED671D /* CoreMedia.framework in Frameworks */ = {isa = PBXBuildFile; fileRef = 6ADB4F2CA7FD26B8312F0488 /* CoreMedia.framework */; };
		6E5B4DF88854AE1CBA917A6E /* CoreData.framework in Frameworks */ = {isa = PBXBuildFile; fileRef = 55D04C85B084A87AEC49F6AC /* CoreData.framework */; };
		79764C84A7546937246A3A0D /* PluginReview.framework in Frameworks */ = {isa = PBXBuildFile; fileRef = ACF2456F8A385886A3B7AED9 /* PluginReview.framework */; };
		83D544C4892D635DE95ABCA3 /* MessageUI.framework in Frameworks */ = {isa = PBXBuildFile; fileRef = 6F1B4E6E977E9DA6EFB2B8E3 /* MessageUI.framework */; };
		9C7C4C86B92B97E50DA32A3B /* AdSupport.framework in Frameworks */ = {isa = PBXBuildFile; fileRef = A8B64028A66E741FE20BF37F /* AdSupport.framework */; };
		9FA3AE461BE9BBCA00FC9645 /* GameController.framework in Frameworks */ = {isa = PBXBuildFile; fileRef = 9FA3AE451BE9BBCA00FC9645 /* GameController.framework */; };
		A92275421517C094001B78AA /* QuartzCore.framework in Frameworks */ = {isa = PBXBuildFile; fileRef = A92275411517C094001B78AA /* QuartzCore.framework */; };
		A92275441517C094001B78AA /* OpenGLES.framework in Frameworks */ = {isa = PBXBuildFile; fileRef = A92275431517C094001B78AA /* OpenGLES.framework */; };
		A92275461517C094001B78AA /* OpenAL.framework in Frameworks */ = {isa = PBXBuildFile; fileRef = A92275451517C094001B78AA /* OpenAL.framework */; };
		A92275481517C094001B78AA /* AudioToolbox.framework in Frameworks */ = {isa = PBXBuildFile; fileRef = A92275471517C094001B78AA /* AudioToolbox.framework */; };
		A922754A1517C094001B78AA /* AVFoundation.framework in Frameworks */ = {isa = PBXBuildFile; fileRef = A92275491517C094001B78AA /* AVFoundation.framework */; };
		A922754C1517C094001B78AA /* UIKit.framework in Frameworks */ = {isa = PBXBuildFile; fileRef = A922754B1517C094001B78AA /* UIKit.framework */; };
		A922754E1517C094001B78AA /* Foundation.framework in Frameworks */ = {isa = PBXBuildFile; fileRef = A922754D1517C094001B78AA /* Foundation.framework */; };
		A92275501517C094001B78AA /* CoreGraphics.framework in Frameworks */ = {isa = PBXBuildFile; fileRef = A922754F1517C094001B78AA /* CoreGraphics.framework */; };
		B85246E5BCA98B62F3D1BC60 /* PluginGoogleAnalyticsJS.cpp in Sources */ = {isa = PBXBuildFile; fileRef = 585D4D98B524C86DFFEDBDE5 /* PluginGoogleAnalyticsJS.cpp */; };
		BA3A85EC1A724AE900924D24 /* Security.framework in Frameworks */ = {isa = PBXBuildFile; fileRef = BA3A85EB1A724AE900924D24 /* Security.framework */; };
		BA4E718119EB6E3F00932425 /* MediaPlayer.framework in Frameworks */ = {isa = PBXBuildFile; fileRef = BA4E718019EB6E3E00932425 /* MediaPlayer.framework */; };
		BAEE4D841AC40C11003BEB0F /* Security.framework in Frameworks */ = {isa = PBXBuildFile; fileRef = BAEE4D831AC40C11003BEB0F /* Security.framework */; };
		BAF426FB19484B3E002B22EF /* script in Resources */ = {isa = PBXBuildFile; fileRef = BAF426FA19484B3E002B22EF /* script */; };
		BAF426FC19484B3E002B22EF /* script in Resources */ = {isa = PBXBuildFile; fileRef = BAF426FA19484B3E002B22EF /* script */; };
		C03780EB18BEE0E400FE4F13 /* src in Resources */ = {isa = PBXBuildFile; fileRef = C03780EA18BEE0E400FE4F13 /* src */; };
		C03780EC18BEE0E400FE4F13 /* src in Resources */ = {isa = PBXBuildFile; fileRef = C03780EA18BEE0E400FE4F13 /* src */; };
		C037820C18BF77C500FE4F13 /* libjscocos2d iOS.a in Frameworks */ = {isa = PBXBuildFile; fileRef = C037820918BF76AF00FE4F13 /* libjscocos2d iOS.a */; };
		C037820F18BF77DE00FE4F13 /* libjscocos2d Mac.a in Frameworks */ = {isa = PBXBuildFile; fileRef = C037820718BF76AF00FE4F13 /* libjscocos2d Mac.a */; };
		C06E23CC18CEFE680093C81A /* main.cpp in Sources */ = {isa = PBXBuildFile; fileRef = C06E23CB18CEFE680093C81A /* main.cpp */; };
		C0799CB918BAE62000E9C828 /* res in Resources */ = {isa = PBXBuildFile; fileRef = C0799CB518BAE62000E9C828 /* res */; };
		C0799CBA18BAE62000E9C828 /* res in Resources */ = {isa = PBXBuildFile; fileRef = C0799CB518BAE62000E9C828 /* res */; };
		C9CD43A597B21371F871764C /* SDKBoxJSHelper.cpp in Sources */ = {isa = PBXBuildFile; fileRef = 21E44798B37C801F56D90AA8 /* SDKBoxJSHelper.cpp */; };
		CB3043888B131AA48FDED180 /* PluginSdkboxPlay.framework in Frameworks */ = {isa = PBXBuildFile; fileRef = 56084D03893CF726E2183B27 /* PluginSdkboxPlay.framework */; };
		CC484E1F8F4D1E2DBD3061F9 /* GameKit.framework in Frameworks */ = {isa = PBXBuildFile; fileRef = 7A874055A34C30E19644C77C /* GameKit.framework */; };
		CF4D4969A68D1791C2B2CEE9 /* PluginIAP.framework in Frameworks */ = {isa = PBXBuildFile; fileRef = CA6B4B6BBF13BDD1CDE72F29 /* PluginIAP.framework */; };
		D454520C156E22BD00887EB5 /* libz.dylib in Frameworks */ = {isa = PBXBuildFile; fileRef = D454520B156E22BD00887EB5 /* libz.dylib */; };
		D4545227156E28EF00887EB5 /* AppDelegate.cpp in Sources */ = {isa = PBXBuildFile; fileRef = D4545215156E28EF00887EB5 /* AppDelegate.cpp */; };
		D6B061241803AB9F0077942B /* CoreMotion.framework in Frameworks */ = {isa = PBXBuildFile; fileRef = D6B061231803AB9F0077942B /* CoreMotion.framework */; };
		D8E243A9AA43F7418CDFDFB9 /* SystemConfiguration.framework in Frameworks */ = {isa = PBXBuildFile; fileRef = B0174CE398ABC972C745675E /* SystemConfiguration.framework */; };
		D9494536A269E0757E0BAA2B /* PluginReviewJS.cpp in Sources */ = {isa = PBXBuildFile; fileRef = 58564C70BA385EAE648E625B /* PluginReviewJS.cpp */; };
		DE124DBEB2E5645925C447D2 /* SdkboxReviewResLocalizable.strings in Resources */ = {isa = PBXBuildFile; fileRef = 3A2F4F4590EEA1221A5AC56B /* SdkboxReviewResLocalizable.strings */; };
		DF2D48ADA3D046C386B73543 /* PluginIAPJS.cpp in Sources */ = {isa = PBXBuildFile; fileRef = 90F54032AAFEC894E3EE8A94 /* PluginIAPJS.cpp */; };
		EC59406A95D73BF5228CB967 /* PluginIAPJSHelper.cpp in Sources */ = {isa = PBXBuildFile; fileRef = E31D4F45B6E791B0B2C0345F /* PluginIAPJSHelper.cpp */; };
		ED545A821B68A21500C3958E /* libiconv.dylib in Frameworks */ = {isa = PBXBuildFile; fileRef = ED545A811B68A21500C3958E /* libiconv.dylib */; };
		ED545A841B68A21C00C3958E /* libiconv.dylib in Frameworks */ = {isa = PBXBuildFile; fileRef = ED545A831B68A21C00C3958E /* libiconv.dylib */; };
		F1014CE088469540D7000F4A /* sdkbox.framework in Frameworks */ = {isa = PBXBuildFile; fileRef = 53704BE6B1855FCD8B26209E /* sdkbox.framework */; };
		F903479BA8F49EF60C135EAC /* CoreTelephony.framework in Frameworks */ = {isa = PBXBuildFile; fileRef = 3D684962A11E5C601F70A9C4 /* CoreTelephony.framework */; };
/* End PBXBuildFile section */

/* Begin PBXContainerItemProxy section */
		1A67681F180E9BF70076BC67 /* PBXContainerItemProxy */ = {
			isa = PBXContainerItemProxy;
			containerPortal = 1AC6FB34180E9ACB004C840B /* cocos2d_libs.xcodeproj */;
			proxyType = 1;
			remoteGlobalIDString = 1551A33E158F2AB200E66CFE;
			remoteInfo = "cocos2dx Mac";
		};
		1A67682E180E9C110076BC67 /* PBXContainerItemProxy */ = {
			isa = PBXContainerItemProxy;
			containerPortal = 1AC6FB34180E9ACB004C840B /* cocos2d_libs.xcodeproj */;
			proxyType = 1;
			remoteGlobalIDString = A07A4C241783777C0073F6A7;
			remoteInfo = "cocos2dx iOS";
		};
		1AC6FB47180E9ACB004C840B /* PBXContainerItemProxy */ = {
			isa = PBXContainerItemProxy;
			containerPortal = 1AC6FB34180E9ACB004C840B /* cocos2d_libs.xcodeproj */;
			proxyType = 2;
			remoteGlobalIDString = 1551A33F158F2AB200E66CFE;
			remoteInfo = "cocos2dx Mac";
		};
		1AC6FB55180E9ACB004C840B /* PBXContainerItemProxy */ = {
			isa = PBXContainerItemProxy;
			containerPortal = 1AC6FB34180E9ACB004C840B /* cocos2d_libs.xcodeproj */;
			proxyType = 2;
			remoteGlobalIDString = A07A4D641783777C0073F6A7;
			remoteInfo = "cocos2dx iOS";
		};
		22C409281D0A240C00FB0601 /* PBXContainerItemProxy */ = {
			isa = PBXContainerItemProxy;
			containerPortal = C037820118BF76AF00FE4F13 /* cocos2d_js_bindings.xcodeproj */;
			proxyType = 2;
			remoteGlobalIDString = 507B427D1C31DCC60067B53E;
			remoteInfo = "libjscocos2d tvOS";
		};
		22C4092B1D0A240C00FB0601 /* PBXContainerItemProxy */ = {
			isa = PBXContainerItemProxy;
			containerPortal = 1AC6FB34180E9ACB004C840B /* cocos2d_libs.xcodeproj */;
			proxyType = 2;
			remoteGlobalIDString = 507B40FD1C31BDD30067B53E;
			remoteInfo = "libcocos2d tvOS";
		};
		C037820618BF76AF00FE4F13 /* PBXContainerItemProxy */ = {
			isa = PBXContainerItemProxy;
			containerPortal = C037820118BF76AF00FE4F13 /* cocos2d_js_bindings.xcodeproj */;
			proxyType = 2;
			remoteGlobalIDString = 1A5410A418B785A10016A3AF;
			remoteInfo = "jsbindings Mac";
		};
		C037820818BF76AF00FE4F13 /* PBXContainerItemProxy */ = {
			isa = PBXContainerItemProxy;
			containerPortal = C037820118BF76AF00FE4F13 /* cocos2d_js_bindings.xcodeproj */;
			proxyType = 2;
			remoteGlobalIDString = 1A5410A518B785A10016A3AF;
			remoteInfo = "jsbindings iOS";
		};
		C037820A18BF77BC00FE4F13 /* PBXContainerItemProxy */ = {
			isa = PBXContainerItemProxy;
			containerPortal = C037820118BF76AF00FE4F13 /* cocos2d_js_bindings.xcodeproj */;
			proxyType = 1;
			remoteGlobalIDString = A07A4FB5178387750073F6A7;
			remoteInfo = "jsbindings iOS";
		};
		C037820D18BF77D100FE4F13 /* PBXContainerItemProxy */ = {
			isa = PBXContainerItemProxy;
			containerPortal = C037820118BF76AF00FE4F13 /* cocos2d_js_bindings.xcodeproj */;
			proxyType = 1;
			remoteGlobalIDString = A03F31E81781479B006731B9;
			remoteInfo = "jsbindings Mac";
		};
/* End PBXContainerItemProxy section */

/* Begin PBXFileReference section */
		031C4F118870CECAF4725D9A /* sk */ = {isa = PBXFileReference; lastKnownFileType = text.plist.strings; name = sk; path = plugin_review_res_bundle/sk.lproj/SdkboxReviewResLocalizable.strings; sourceTree = SOURCE_ROOT; };
		06C543B0B1EC674C316F9466 /* PluginReviewJS.hpp */ = {isa = PBXFileReference; lastKnownFileType = sourcecode.c.h; name = PluginReviewJS.hpp; path = ../Classes/PluginReviewJS.hpp; sourceTree = SOURCE_ROOT; };
		0D4E491C97CFC9642C9465EA /* SDKBoxJSHelper.h */ = {isa = PBXFileReference; lastKnownFileType = sourcecode.c.h; name = SDKBoxJSHelper.h; path = ../Classes/SDKBoxJSHelper.h; sourceTree = SOURCE_ROOT; };
		19A74344A7E2C2A074FDEDD9 /* nb */ = {isa = PBXFileReference; lastKnownFileType = text.plist.strings; name = nb; path = plugin_review_res_bundle/nb.lproj/SdkboxReviewResLocalizable.strings; sourceTree = SOURCE_ROOT; };
		1A1A081B18C9DF05005C6854 /* project.json */ = {isa = PBXFileReference; lastKnownFileType = text.json; name = project.json; path = ../../../project.json; sourceTree = "<group>"; };
		1A6BF21418C9DB5900FB0E1C /* main.js */ = {isa = PBXFileReference; fileEncoding = 4; lastKnownFileType = sourcecode.javascript; name = main.js; path = ../../../main.js; sourceTree = "<group>"; };
		1A82F5FA169AC92500C4B13A /* libsqlite3.dylib */ = {isa = PBXFileReference; lastKnownFileType = "compiled.mach-o.dylib"; name = libsqlite3.dylib; path = usr/lib/libsqlite3.dylib; sourceTree = SDKROOT; };
		1A96A4F2174A3432008653A9 /* libcurl.a */ = {isa = PBXFileReference; lastKnownFileType = archive.ar; name = libcurl.a; path = "../../cocos2d-x/cocos2dx/platform/third_party/ios/libraries/libcurl.a"; sourceTree = "<group>"; };
		1AC6FB34180E9ACB004C840B /* cocos2d_libs.xcodeproj */ = {isa = PBXFileReference; lastKnownFileType = "wrapper.pb-project"; name = cocos2d_libs.xcodeproj; path = "../../cocos2d-x/build/cocos2d_libs.xcodeproj"; sourceTree = "<group>"; };
		1B4940518D36BFE85E86D335 /* ja */ = {isa = PBXFileReference; lastKnownFileType = text.plist.strings; name = ja; path = plugin_review_res_bundle/ja.lproj/SdkboxReviewResLocalizable.strings; sourceTree = SOURCE_ROOT; };
		1C5842409AED801982F7F8D0 /* zh-Hant */ = {isa = PBXFileReference; lastKnownFileType = text.plist.strings; name = "zh-Hant"; path = "plugin_review_res_bundle/zh-Hant.lproj/SdkboxReviewResLocalizable.strings"; sourceTree = SOURCE_ROOT; };
		204C4D82A47426462D496ECD /* id */ = {isa = PBXFileReference; lastKnownFileType = text.plist.strings; name = id; path = plugin_review_res_bundle/id.lproj/SdkboxReviewResLocalizable.strings; sourceTree = SOURCE_ROOT; };
		21E44798B37C801F56D90AA8 /* SDKBoxJSHelper.cpp */ = {isa = PBXFileReference; lastKnownFileType = sourcecode.cpp.cpp; name = SDKBoxJSHelper.cpp; path = ../Classes/SDKBoxJSHelper.cpp; sourceTree = SOURCE_ROOT; };
		221D947E1D2F0BE6007D72D5 /* SharingController.h */ = {isa = PBXFileReference; fileEncoding = 4; lastKnownFileType = sourcecode.c.h; name = SharingController.h; path = ios/SharingController.h; sourceTree = "<group>"; };
		221D94821D2F27AA007D72D5 /* SharingBridge.h */ = {isa = PBXFileReference; fileEncoding = 4; lastKnownFileType = sourcecode.c.h; name = SharingBridge.h; path = ios/SharingBridge.h; sourceTree = "<group>"; };
		221D94831D2F2B9C007D72D5 /* SharingBridge.mm */ = {isa = PBXFileReference; fileEncoding = 4; lastKnownFileType = sourcecode.cpp.objcpp; name = SharingBridge.mm; path = ios/SharingBridge.mm; sourceTree = "<group>"; };
		2243F5501D3555B900ADB82E /* CampaignManager.h */ = {isa = PBXFileReference; fileEncoding = 4; lastKnownFileType = sourcecode.c.h; path = CampaignManager.h; sourceTree = "<group>"; };
		2243F5531D3558DB00ADB82E /* CampaignManager.cpp */ = {isa = PBXFileReference; fileEncoding = 4; lastKnownFileType = sourcecode.cpp.cpp; path = CampaignManager.cpp; sourceTree = "<group>"; };
		2255AE9D1D2EDB6F00DC989E /* SharingController.m */ = {isa = PBXFileReference; fileEncoding = 4; lastKnownFileType = sourcecode.c.objc; name = SharingController.m; path = ios/SharingController.m; sourceTree = "<group>"; };
		22C4092D1D0A241C00FB0601 /* Images.xcassets */ = {isa = PBXFileReference; lastKnownFileType = folder.assetcatalog; name = Images.xcassets; path = "NumboJumbo-mobile/Images.xcassets"; sourceTree = "<group>"; };
		22C4092F1D0A264B00FB0601 /* Default-568h@2x.png */ = {isa = PBXFileReference; lastKnownFileType = image.png; path = "Default-568h@2x.png"; sourceTree = "<group>"; };
		22C409301D0A264B00FB0601 /* Default-667h@2x.png */ = {isa = PBXFileReference; lastKnownFileType = image.png; path = "Default-667h@2x.png"; sourceTree = "<group>"; };
		22C409311D0A264B00FB0601 /* Default.png */ = {isa = PBXFileReference; lastKnownFileType = image.png; path = Default.png; sourceTree = "<group>"; };
		22C409321D0A264B00FB0601 /* Default@2x.png */ = {isa = PBXFileReference; lastKnownFileType = image.png; path = "Default@2x.png"; sourceTree = "<group>"; };
		236649848900E20B000514E6 /* StoreKit.framework */ = {isa = PBXFileReference; lastKnownFileType = wrapper.framework; name = StoreKit.framework; path = Platforms/iPhoneOS.platform/Developer/SDKs/iPhoneOS.sdk/System/Library/Frameworks/StoreKit.framework; sourceTree = DEVELOPER_DIR; };
		260E45C2B6C5EC22AA27B2A1 /* hu */ = {isa = PBXFileReference; lastKnownFileType = text.plist.strings; name = hu; path = plugin_review_res_bundle/hu.lproj/SdkboxReviewResLocalizable.strings; sourceTree = SOURCE_ROOT; };
		391443D1AAAD9D7B2E5C6E5C /* fi */ = {isa = PBXFileReference; lastKnownFileType = text.plist.strings; name = fi; path = plugin_review_res_bundle/fi.lproj/SdkboxReviewResLocalizable.strings; sourceTree = SOURCE_ROOT; };
		3999451D8D33243EED32B842 /* da */ = {isa = PBXFileReference; lastKnownFileType = text.plist.strings; name = da; path = plugin_review_res_bundle/da.lproj/SdkboxReviewResLocalizable.strings; sourceTree = SOURCE_ROOT; };
		3D684962A11E5C601F70A9C4 /* CoreTelephony.framework */ = {isa = PBXFileReference; lastKnownFileType = wrapper.framework; name = CoreTelephony.framework; path = Platforms/iPhoneOS.platform/Developer/SDKs/iPhoneOS.sdk/System/Library/Frameworks/CoreTelephony.framework; sourceTree = DEVELOPER_DIR; };
		45FE48F4AF7462D1300D3CCE /* PluginIAPJSHelper.h */ = {isa = PBXFileReference; lastKnownFileType = sourcecode.c.h; name = PluginIAPJSHelper.h; path = ../Classes/PluginIAPJSHelper.h; sourceTree = SOURCE_ROOT; };
		502380DB17EBB88200990C9B /* libcurl.dylib */ = {isa = PBXFileReference; lastKnownFileType = "compiled.mach-o.dylib"; name = libcurl.dylib; path = usr/lib/libcurl.dylib; sourceTree = SDKROOT; };
		509D4AAA17EBB24E00697056 /* NumboJumbo-desktop.app */ = {isa = PBXFileReference; explicitFileType = wrapper.application; includeInIndex = 0; path = "NumboJumbo-desktop.app"; sourceTree = BUILT_PRODUCTS_DIR; };
		509D4AAB17EBB2AB00697056 /* AppController.h */ = {isa = PBXFileReference; fileEncoding = 4; lastKnownFileType = sourcecode.c.h; name = AppController.h; path = ios/AppController.h; sourceTree = "<group>"; };
		509D4AAC17EBB2AB00697056 /* AppController.mm */ = {isa = PBXFileReference; fileEncoding = 4; lastKnownFileType = sourcecode.cpp.objcpp; name = AppController.mm; path = ios/AppController.mm; sourceTree = "<group>"; };
		509D4AB717EBB2AB00697056 /* Info.plist */ = {isa = PBXFileReference; fileEncoding = 4; lastKnownFileType = text.plist.xml; name = Info.plist; path = ios/Info.plist; sourceTree = "<group>"; };
		509D4AB817EBB2AB00697056 /* main.m */ = {isa = PBXFileReference; fileEncoding = 4; lastKnownFileType = sourcecode.c.objc; name = main.m; path = ios/main.m; sourceTree = "<group>"; };
		509D4AB917EBB2AB00697056 /* Prefix.pch */ = {isa = PBXFileReference; fileEncoding = 4; lastKnownFileType = sourcecode.c.h; name = Prefix.pch; path = ios/Prefix.pch; sourceTree = "<group>"; };
		509D4ABA17EBB2AB00697056 /* RootViewController.h */ = {isa = PBXFileReference; fileEncoding = 4; lastKnownFileType = sourcecode.c.h; name = RootViewController.h; path = ios/RootViewController.h; sourceTree = "<group>"; };
		509D4ABB17EBB2AB00697056 /* RootViewController.mm */ = {isa = PBXFileReference; fileEncoding = 4; lastKnownFileType = sourcecode.cpp.objcpp; name = RootViewController.mm; path = ios/RootViewController.mm; sourceTree = "<group>"; };
		509D4ACB17EBB2BE00697056 /* Icon.icns */ = {isa = PBXFileReference; lastKnownFileType = image.icns; path = Icon.icns; sourceTree = "<group>"; };
		509D4ACC17EBB2BE00697056 /* Info.plist */ = {isa = PBXFileReference; fileEncoding = 4; lastKnownFileType = text.plist.xml; path = Info.plist; sourceTree = "<group>"; };
		509D4ACE17EBB2BE00697056 /* Prefix.pch */ = {isa = PBXFileReference; fileEncoding = 4; lastKnownFileType = sourcecode.c.h; path = Prefix.pch; sourceTree = "<group>"; };
		509D4AE617EBB81800697056 /* OpenGL.framework */ = {isa = PBXFileReference; lastKnownFileType = wrapper.framework; name = OpenGL.framework; path = System/Library/Frameworks/OpenGL.framework; sourceTree = SDKROOT; };
		509D4AE817EBB82000697056 /* AppKit.framework */ = {isa = PBXFileReference; lastKnownFileType = wrapper.framework; name = AppKit.framework; path = System/Library/Frameworks/AppKit.framework; sourceTree = SDKROOT; };
		509D4AEA17EBB82600697056 /* IOKit.framework */ = {isa = PBXFileReference; lastKnownFileType = wrapper.framework; name = IOKit.framework; path = System/Library/Frameworks/IOKit.framework; sourceTree = SDKROOT; };
		53704BE6B1855FCD8B26209E /* sdkbox.framework */ = {isa = PBXFileReference; lastKnownFileType = wrapper.framework; path = sdkbox.framework; sourceTree = SOURCE_ROOT; };
		55D04C85B084A87AEC49F6AC /* CoreData.framework */ = {isa = PBXFileReference; lastKnownFileType = wrapper.framework; name = CoreData.framework; path = Platforms/iPhoneOS.platform/Developer/SDKs/iPhoneOS.sdk/System/Library/Frameworks/CoreData.framework; sourceTree = DEVELOPER_DIR; };
		56084D03893CF726E2183B27 /* PluginSdkboxPlay.framework */ = {isa = PBXFileReference; lastKnownFileType = wrapper.framework; path = PluginSdkboxPlay.framework; sourceTree = SOURCE_ROOT; };
		58564C70BA385EAE648E625B /* PluginReviewJS.cpp */ = {isa = PBXFileReference; lastKnownFileType = sourcecode.cpp.cpp; name = PluginReviewJS.cpp; path = ../Classes/PluginReviewJS.cpp; sourceTree = SOURCE_ROOT; };
		585D4D98B524C86DFFEDBDE5 /* PluginGoogleAnalyticsJS.cpp */ = {isa = PBXFileReference; lastKnownFileType = sourcecode.cpp.cpp; name = PluginGoogleAnalyticsJS.cpp; path = ../Classes/PluginGoogleAnalyticsJS.cpp; sourceTree = SOURCE_ROOT; };
		59D14F3B8A4CE3EA16D3E813 /* ar */ = {isa = PBXFileReference; lastKnownFileType = text.plist.strings; name = ar; path = plugin_review_res_bundle/ar.lproj/SdkboxReviewResLocalizable.strings; sourceTree = SOURCE_ROOT; };
		63F54AAEB2F9277B3572B233 /* PluginGoogleAnalytics.framework */ = {isa = PBXFileReference; lastKnownFileType = wrapper.framework; path = PluginGoogleAnalytics.framework; sourceTree = SOURCE_ROOT; };
		67A246DA84FD0C95AB69FCB0 /* nl */ = {isa = PBXFileReference; lastKnownFileType = text.plist.strings; name = nl; path = plugin_review_res_bundle/nl.lproj/SdkboxReviewResLocalizable.strings; sourceTree = SOURCE_ROOT; };
		67C4447D945516142162E66B /* PluginSdkboxPlayJSHelper.cpp */ = {isa = PBXFileReference; lastKnownFileType = sourcecode.cpp.cpp; name = PluginSdkboxPlayJSHelper.cpp; path = ../Classes/PluginSdkboxPlayJSHelper.cpp; sourceTree = SOURCE_ROOT; };
		693E46CBA121B2B12CF2EC2B /* EventKit.framework */ = {isa = PBXFileReference; lastKnownFileType = wrapper.framework; name = EventKit.framework; path = Platforms/iPhoneOS.platform/Developer/SDKs/iPhoneOS.sdk/System/Library/Frameworks/EventKit.framework; sourceTree = DEVELOPER_DIR; };
		6A194B7BA4007392872C63BF /* es */ = {isa = PBXFileReference; lastKnownFileType = text.plist.strings; name = es; path = plugin_review_res_bundle/es.lproj/SdkboxReviewResLocalizable.strings; sourceTree = SOURCE_ROOT; };
		6ADB4F2CA7FD26B8312F0488 /* CoreMedia.framework */ = {isa = PBXFileReference; lastKnownFileType = wrapper.framework; name = CoreMedia.framework; path = Platforms/iPhoneOS.platform/Developer/SDKs/iPhoneOS.sdk/System/Library/Frameworks/CoreMedia.framework; sourceTree = DEVELOPER_DIR; };
		6E5E4659B60E2AA0C03FCF63 /* PluginSdkboxPlayJS.cpp */ = {isa = PBXFileReference; lastKnownFileType = sourcecode.cpp.cpp; name = PluginSdkboxPlayJS.cpp; path = ../Classes/PluginSdkboxPlayJS.cpp; sourceTree = SOURCE_ROOT; };
		6F09403CBCC98A91696652C6 /* el */ = {isa = PBXFileReference; lastKnownFileType = text.plist.strings; name = el; path = plugin_review_res_bundle/el.lproj/SdkboxReviewResLocalizable.strings; sourceTree = SOURCE_ROOT; };
		6F1B4E6E977E9DA6EFB2B8E3 /* MessageUI.framework */ = {isa = PBXFileReference; lastKnownFileType = wrapper.framework; name = MessageUI.framework; path = Platforms/iPhoneOS.platform/Developer/SDKs/iPhoneOS.sdk/System/Library/Frameworks/MessageUI.framework; sourceTree = DEVELOPER_DIR; };
		6FC946CD9C6CCF603A894DFC /* uk */ = {isa = PBXFileReference; lastKnownFileType = text.plist.strings; name = uk; path = plugin_review_res_bundle/uk.lproj/SdkboxReviewResLocalizable.strings; sourceTree = SOURCE_ROOT; };
		7A874055A34C30E19644C77C /* GameKit.framework */ = {isa = PBXFileReference; lastKnownFileType = wrapper.framework; name = GameKit.framework; path = Platforms/iPhoneOS.platform/Developer/SDKs/iPhoneOS.sdk/System/Library/Frameworks/GameKit.framework; sourceTree = DEVELOPER_DIR; };
		7CE740C294FC39809AF589C8 /* sv */ = {isa = PBXFileReference; lastKnownFileType = text.plist.strings; name = sv; path = plugin_review_res_bundle/sv.lproj/SdkboxReviewResLocalizable.strings; sourceTree = SOURCE_ROOT; };
		819548A7BD34B79234000CC0 /* ca */ = {isa = PBXFileReference; lastKnownFileType = text.plist.strings; name = ca; path = plugin_review_res_bundle/ca.lproj/SdkboxReviewResLocalizable.strings; sourceTree = SOURCE_ROOT; };
		883B43ABAADB4EBACA06E18C /* pt-BR */ = {isa = PBXFileReference; lastKnownFileType = text.plist.strings; name = "pt-BR"; path = "plugin_review_res_bundle/pt-BR.lproj/SdkboxReviewResLocalizable.strings"; sourceTree = SOURCE_ROOT; };
		90F54032AAFEC894E3EE8A94 /* PluginIAPJS.cpp */ = {isa = PBXFileReference; lastKnownFileType = sourcecode.cpp.cpp; name = PluginIAPJS.cpp; path = ../Classes/PluginIAPJS.cpp; sourceTree = SOURCE_ROOT; };
		97F34D5F80385C1245A5F9F1 /* EventKitUI.framework */ = {isa = PBXFileReference; lastKnownFileType = wrapper.framework; name = EventKitUI.framework; path = Platforms/iPhoneOS.platform/Developer/SDKs/iPhoneOS.sdk/System/Library/Frameworks/EventKitUI.framework; sourceTree = DEVELOPER_DIR; };
		9851420F948AFE447215C748 /* PluginSdkboxPlayJSHelper.h */ = {isa = PBXFileReference; lastKnownFileType = sourcecode.c.h; name = PluginSdkboxPlayJSHelper.h; path = ../Classes/PluginSdkboxPlayJSHelper.h; sourceTree = SOURCE_ROOT; };
		99D64EB883C1C965D3DDF584 /* ro */ = {isa = PBXFileReference; lastKnownFileType = text.plist.strings; name = ro; path = plugin_review_res_bundle/ro.lproj/SdkboxReviewResLocalizable.strings; sourceTree = SOURCE_ROOT; };
		9FA3AE451BE9BBCA00FC9645 /* GameController.framework */ = {isa = PBXFileReference; lastKnownFileType = wrapper.framework; name = GameController.framework; path = Platforms/iPhoneOS.platform/Developer/SDKs/iPhoneOS8.0.sdk/System/Library/Frameworks/GameController.framework; sourceTree = DEVELOPER_DIR; };
		A6EB49E68410D28ED4453108 /* de */ = {isa = PBXFileReference; lastKnownFileType = text.plist.strings; name = de; path = plugin_review_res_bundle/de.lproj/SdkboxReviewResLocalizable.strings; sourceTree = SOURCE_ROOT; };
		A8B64028A66E741FE20BF37F /* AdSupport.framework */ = {isa = PBXFileReference; lastKnownFileType = wrapper.framework; name = AdSupport.framework; path = Platforms/iPhoneOS.platform/Developer/SDKs/iPhoneOS.sdk/System/Library/Frameworks/AdSupport.framework; sourceTree = DEVELOPER_DIR; };
		A922753D1517C094001B78AA /* Numbo Jumbo.app */ = {isa = PBXFileReference; explicitFileType = wrapper.application; includeInIndex = 0; path = "Numbo Jumbo.app"; sourceTree = BUILT_PRODUCTS_DIR; };
		A92275411517C094001B78AA /* QuartzCore.framework */ = {isa = PBXFileReference; lastKnownFileType = wrapper.framework; name = QuartzCore.framework; path = System/Library/Frameworks/QuartzCore.framework; sourceTree = SDKROOT; };
		A92275431517C094001B78AA /* OpenGLES.framework */ = {isa = PBXFileReference; lastKnownFileType = wrapper.framework; name = OpenGLES.framework; path = System/Library/Frameworks/OpenGLES.framework; sourceTree = SDKROOT; };
		A92275451517C094001B78AA /* OpenAL.framework */ = {isa = PBXFileReference; lastKnownFileType = wrapper.framework; name = OpenAL.framework; path = System/Library/Frameworks/OpenAL.framework; sourceTree = SDKROOT; };
		A92275471517C094001B78AA /* AudioToolbox.framework */ = {isa = PBXFileReference; lastKnownFileType = wrapper.framework; name = AudioToolbox.framework; path = System/Library/Frameworks/AudioToolbox.framework; sourceTree = SDKROOT; };
		A92275491517C094001B78AA /* AVFoundation.framework */ = {isa = PBXFileReference; lastKnownFileType = wrapper.framework; name = AVFoundation.framework; path = System/Library/Frameworks/AVFoundation.framework; sourceTree = SDKROOT; };
		A922754B1517C094001B78AA /* UIKit.framework */ = {isa = PBXFileReference; lastKnownFileType = wrapper.framework; name = UIKit.framework; path = System/Library/Frameworks/UIKit.framework; sourceTree = SDKROOT; };
		A922754D1517C094001B78AA /* Foundation.framework */ = {isa = PBXFileReference; lastKnownFileType = wrapper.framework; name = Foundation.framework; path = System/Library/Frameworks/Foundation.framework; sourceTree = SDKROOT; };
		A922754F1517C094001B78AA /* CoreGraphics.framework */ = {isa = PBXFileReference; lastKnownFileType = wrapper.framework; name = CoreGraphics.framework; path = System/Library/Frameworks/CoreGraphics.framework; sourceTree = SDKROOT; };
		A9A94FB79A3315DAB78F63FE /* PluginGoogleAnalyticsJS.hpp */ = {isa = PBXFileReference; lastKnownFileType = sourcecode.c.h; name = PluginGoogleAnalyticsJS.hpp; path = ../Classes/PluginGoogleAnalyticsJS.hpp; sourceTree = SOURCE_ROOT; };
		ACF2456F8A385886A3B7AED9 /* PluginReview.framework */ = {isa = PBXFileReference; lastKnownFileType = wrapper.framework; path = PluginReview.framework; sourceTree = SOURCE_ROOT; };
		AE1E44F598D2B213155C2704 /* pl */ = {isa = PBXFileReference; lastKnownFileType = text.plist.strings; name = pl; path = plugin_review_res_bundle/pl.lproj/SdkboxReviewResLocalizable.strings; sourceTree = SOURCE_ROOT; };
		AEF24C95B70D73914C79A71A /* ru */ = {isa = PBXFileReference; lastKnownFileType = text.plist.strings; name = ru; path = plugin_review_res_bundle/ru.lproj/SdkboxReviewResLocalizable.strings; sourceTree = SOURCE_ROOT; };
		B0174CE398ABC972C745675E /* SystemConfiguration.framework */ = {isa = PBXFileReference; lastKnownFileType = wrapper.framework; name = SystemConfiguration.framework; path = Platforms/iPhoneOS.platform/Developer/SDKs/iPhoneOS.sdk/System/Library/Frameworks/SystemConfiguration.framework; sourceTree = DEVELOPER_DIR; };
		B1684BBEB7C0BACA363E6E1C /* PluginReviewJSHelper.cpp */ = {isa = PBXFileReference; lastKnownFileType = sourcecode.cpp.cpp; name = PluginReviewJSHelper.cpp; path = ../Classes/PluginReviewJSHelper.cpp; sourceTree = SOURCE_ROOT; };
		B3A146D5A781E4ACEA3DCAD9 /* it */ = {isa = PBXFileReference; lastKnownFileType = text.plist.strings; name = it; path = plugin_review_res_bundle/it.lproj/SdkboxReviewResLocalizable.strings; sourceTree = SOURCE_ROOT; };
		BA3A85EB1A724AE900924D24 /* Security.framework */ = {isa = PBXFileReference; lastKnownFileType = wrapper.framework; name = Security.framework; path = Platforms/iPhoneOS.platform/Developer/SDKs/iPhoneOS8.1.sdk/System/Library/Frameworks/Security.framework; sourceTree = DEVELOPER_DIR; };
		BA4E718019EB6E3E00932425 /* MediaPlayer.framework */ = {isa = PBXFileReference; lastKnownFileType = wrapper.framework; name = MediaPlayer.framework; path = Platforms/iPhoneOS.platform/Developer/SDKs/iPhoneOS8.0.sdk/System/Library/Frameworks/MediaPlayer.framework; sourceTree = DEVELOPER_DIR; };
		BAEE4D831AC40C11003BEB0F /* Security.framework */ = {isa = PBXFileReference; lastKnownFileType = wrapper.framework; name = Security.framework; path = System/Library/Frameworks/Security.framework; sourceTree = SDKROOT; };
		BAF426FA19484B3E002B22EF /* script */ = {isa = PBXFileReference; lastKnownFileType = folder; name = script; path = "../../cocos2d-x/cocos/scripting/js-bindings/script"; sourceTree = "<group>"; };
		BE584555BB45FA0B19158440 /* zh-Hans */ = {isa = PBXFileReference; lastKnownFileType = text.plist.strings; name = "zh-Hans"; path = "plugin_review_res_bundle/zh-Hans.lproj/SdkboxReviewResLocalizable.strings"; sourceTree = SOURCE_ROOT; };
		C03780EA18BEE0E400FE4F13 /* src */ = {isa = PBXFileReference; lastKnownFileType = folder; name = src; path = ../../../src; sourceTree = "<group>"; };
		C037820118BF76AF00FE4F13 /* cocos2d_js_bindings.xcodeproj */ = {isa = PBXFileReference; lastKnownFileType = "wrapper.pb-project"; name = cocos2d_js_bindings.xcodeproj; path = "../../cocos2d-x/cocos/scripting/js-bindings/proj.ios_mac/cocos2d_js_bindings.xcodeproj"; sourceTree = "<group>"; };
		C06E23CB18CEFE680093C81A /* main.cpp */ = {isa = PBXFileReference; fileEncoding = 4; lastKnownFileType = sourcecode.cpp.cpp; path = main.cpp; sourceTree = "<group>"; };
		C0799CB518BAE62000E9C828 /* res */ = {isa = PBXFileReference; lastKnownFileType = folder; name = res; path = ../../../res; sourceTree = "<group>"; };
		C49F4E598CB4C4B63F2FA968 /* PluginSdkboxPlayJS.hpp */ = {isa = PBXFileReference; lastKnownFileType = sourcecode.c.h; name = PluginSdkboxPlayJS.hpp; path = ../Classes/PluginSdkboxPlayJS.hpp; sourceTree = SOURCE_ROOT; };
		C8BD4737BDF4480DB320C163 /* he */ = {isa = PBXFileReference; lastKnownFileType = text.plist.strings; name = he; path = plugin_review_res_bundle/he.lproj/SdkboxReviewResLocalizable.strings; sourceTree = SOURCE_ROOT; };
		C9F74A06A3C20712DE22CA30 /* PluginReviewJSHelper.h */ = {isa = PBXFileReference; lastKnownFileType = sourcecode.c.h; name = PluginReviewJSHelper.h; path = ../Classes/PluginReviewJSHelper.h; sourceTree = SOURCE_ROOT; };
		CA3B401CA1D6FB5761BC15F2 /* en */ = {isa = PBXFileReference; lastKnownFileType = text.plist.strings; name = en; path = plugin_review_res_bundle/en.lproj/SdkboxReviewResLocalizable.strings; sourceTree = SOURCE_ROOT; };
		CA5847B8BD74386423042EA1 /* th */ = {isa = PBXFileReference; lastKnownFileType = text.plist.strings; name = th; path = plugin_review_res_bundle/th.lproj/SdkboxReviewResLocalizable.strings; sourceTree = SOURCE_ROOT; };
		CA6B4B6BBF13BDD1CDE72F29 /* PluginIAP.framework */ = {isa = PBXFileReference; lastKnownFileType = wrapper.framework; path = PluginIAP.framework; sourceTree = SOURCE_ROOT; };
		CC71437A979FEA3EFA0459CE /* ko */ = {isa = PBXFileReference; lastKnownFileType = text.plist.strings; name = ko; path = plugin_review_res_bundle/ko.lproj/SdkboxReviewResLocalizable.strings; sourceTree = SOURCE_ROOT; };
		CE324655BA0A3FDB3C88D6FE /* tr */ = {isa = PBXFileReference; lastKnownFileType = text.plist.strings; name = tr; path = plugin_review_res_bundle/tr.lproj/SdkboxReviewResLocalizable.strings; sourceTree = SOURCE_ROOT; };
		D454520B156E22BD00887EB5 /* libz.dylib */ = {isa = PBXFileReference; lastKnownFileType = "compiled.mach-o.dylib"; name = libz.dylib; path = usr/lib/libz.dylib; sourceTree = SDKROOT; };
		D4545215156E28EF00887EB5 /* AppDelegate.cpp */ = {isa = PBXFileReference; fileEncoding = 4; lastKnownFileType = sourcecode.cpp.cpp; path = AppDelegate.cpp; sourceTree = "<group>"; };
		D4545216156E28EF00887EB5 /* AppDelegate.h */ = {isa = PBXFileReference; fileEncoding = 4; lastKnownFileType = sourcecode.c.h; path = AppDelegate.h; sourceTree = "<group>"; };
		D6B061231803AB9F0077942B /* CoreMotion.framework */ = {isa = PBXFileReference; lastKnownFileType = wrapper.framework; name = CoreMotion.framework; path = Platforms/iPhoneOS.platform/Developer/SDKs/iPhoneOS7.0.sdk/System/Library/Frameworks/CoreMotion.framework; sourceTree = DEVELOPER_DIR; };
		D8B24F42BA83BC8EE2E40988 /* cs */ = {isa = PBXFileReference; lastKnownFileType = text.plist.strings; name = cs; path = plugin_review_res_bundle/cs.lproj/SdkboxReviewResLocalizable.strings; sourceTree = SOURCE_ROOT; };
		D9704B38BD691A767F34CF3F /* vi */ = {isa = PBXFileReference; lastKnownFileType = text.plist.strings; name = vi; path = plugin_review_res_bundle/vi.lproj/SdkboxReviewResLocalizable.strings; sourceTree = SOURCE_ROOT; };
		E31D4F45B6E791B0B2C0345F /* PluginIAPJSHelper.cpp */ = {isa = PBXFileReference; lastKnownFileType = sourcecode.cpp.cpp; name = PluginIAPJSHelper.cpp; path = ../Classes/PluginIAPJSHelper.cpp; sourceTree = SOURCE_ROOT; };
		E37A45178206FE0D25424C98 /* ms */ = {isa = PBXFileReference; lastKnownFileType = text.plist.strings; name = ms; path = plugin_review_res_bundle/ms.lproj/SdkboxReviewResLocalizable.strings; sourceTree = SOURCE_ROOT; };
		E56947CD8B3CAB6A32A51330 /* fr */ = {isa = PBXFileReference; lastKnownFileType = text.plist.strings; name = fr; path = plugin_review_res_bundle/fr.lproj/SdkboxReviewResLocalizable.strings; sourceTree = SOURCE_ROOT; };
		ED545A811B68A21500C3958E /* libiconv.dylib */ = {isa = PBXFileReference; lastKnownFileType = "compiled.mach-o.dylib"; name = libiconv.dylib; path = Platforms/iPhoneOS.platform/Developer/SDKs/iPhoneOS8.4.sdk/usr/lib/libiconv.dylib; sourceTree = DEVELOPER_DIR; };
		ED545A831B68A21C00C3958E /* libiconv.dylib */ = {isa = PBXFileReference; lastKnownFileType = "compiled.mach-o.dylib"; name = libiconv.dylib; path = usr/lib/libiconv.dylib; sourceTree = SDKROOT; };
		F770455984236BB84B55E6A4 /* pt */ = {isa = PBXFileReference; lastKnownFileType = text.plist.strings; name = pt; path = plugin_review_res_bundle/pt.lproj/SdkboxReviewResLocalizable.strings; sourceTree = SOURCE_ROOT; };
		FE9F4C328B6C1A282B95682E /* PluginIAPJS.hpp */ = {isa = PBXFileReference; lastKnownFileType = sourcecode.c.h; name = PluginIAPJS.hpp; path = ../Classes/PluginIAPJS.hpp; sourceTree = SOURCE_ROOT; };
/* End PBXFileReference section */

/* Begin PBXFrameworksBuildPhase section */
		509D4A8217EBB24E00697056 /* Frameworks */ = {
			isa = PBXFrameworksBuildPhase;
			buildActionMask = 2147483647;
			files = (
				ED545A841B68A21C00C3958E /* libiconv.dylib in Frameworks */,
				BAEE4D841AC40C11003BEB0F /* Security.framework in Frameworks */,
				C037820F18BF77DE00FE4F13 /* libjscocos2d Mac.a in Frameworks */,
				1A67682A180E9C060076BC67 /* libcocos2d Mac.a in Frameworks */,
				502380DC17EBB88200990C9B /* libcurl.dylib in Frameworks */,
				509D4A8817EBB24E00697056 /* libsqlite3.dylib in Frameworks */,
				509D4A8917EBB24E00697056 /* libz.dylib in Frameworks */,
				509D4AEB17EBB82600697056 /* IOKit.framework in Frameworks */,
				509D4AE917EBB82000697056 /* AppKit.framework in Frameworks */,
				509D4AE717EBB81800697056 /* OpenGL.framework in Frameworks */,
				509D4A8A17EBB24E00697056 /* QuartzCore.framework in Frameworks */,
				509D4A8C17EBB24E00697056 /* OpenAL.framework in Frameworks */,
				509D4A8D17EBB24E00697056 /* AudioToolbox.framework in Frameworks */,
				509D4A8E17EBB24E00697056 /* AVFoundation.framework in Frameworks */,
				509D4A9017EBB24E00697056 /* Foundation.framework in Frameworks */,
				509D4A9117EBB24E00697056 /* CoreGraphics.framework in Frameworks */,
			);
			runOnlyForDeploymentPostprocessing = 0;
		};
		A922753A1517C094001B78AA /* Frameworks */ = {
			isa = PBXFrameworksBuildPhase;
			buildActionMask = 2147483647;
			files = (
				9FA3AE461BE9BBCA00FC9645 /* GameController.framework in Frameworks */,
				ED545A821B68A21500C3958E /* libiconv.dylib in Frameworks */,
				BA3A85EC1A724AE900924D24 /* Security.framework in Frameworks */,
				BA4E718119EB6E3F00932425 /* MediaPlayer.framework in Frameworks */,
				C037820C18BF77C500FE4F13 /* libjscocos2d iOS.a in Frameworks */,
				1A676839180E9C1E0076BC67 /* libcocos2d iOS.a in Frameworks */,
				D6B061241803AB9F0077942B /* CoreMotion.framework in Frameworks */,
				1A82F5FB169AC92500C4B13A /* libsqlite3.dylib in Frameworks */,
				D454520C156E22BD00887EB5 /* libz.dylib in Frameworks */,
				A92275421517C094001B78AA /* QuartzCore.framework in Frameworks */,
				A92275441517C094001B78AA /* OpenGLES.framework in Frameworks */,
				A92275461517C094001B78AA /* OpenAL.framework in Frameworks */,
				A92275481517C094001B78AA /* AudioToolbox.framework in Frameworks */,
				A922754A1517C094001B78AA /* AVFoundation.framework in Frameworks */,
				A922754C1517C094001B78AA /* UIKit.framework in Frameworks */,
				A922754E1517C094001B78AA /* Foundation.framework in Frameworks */,
				A92275501517C094001B78AA /* CoreGraphics.framework in Frameworks */,
				F1014CE088469540D7000F4A /* sdkbox.framework in Frameworks */,
				4EC44869A705F5C7EC9BAE66 /* PluginGoogleAnalytics.framework in Frameworks */,
				9C7C4C86B92B97E50DA32A3B /* AdSupport.framework in Frameworks */,
				6E5B4DF88854AE1CBA917A6E /* CoreData.framework in Frameworks */,
				D8E243A9AA43F7418CDFDFB9 /* SystemConfiguration.framework in Frameworks */,
				79764C84A7546937246A3A0D /* PluginReview.framework in Frameworks */,
				29304A84A94A3DFAA8D8D4F3 /* StoreKit.framework in Frameworks */,
				CB3043888B131AA48FDED180 /* PluginSdkboxPlay.framework in Frameworks */,
				670C46ED871DC90360ED671D /* CoreMedia.framework in Frameworks */,
				F903479BA8F49EF60C135EAC /* CoreTelephony.framework in Frameworks */,
				24374930BCD86C187DE991C4 /* EventKit.framework in Frameworks */,
				36CD40EFA130B13F629BA359 /* EventKitUI.framework in Frameworks */,
				83D544C4892D635DE95ABCA3 /* MessageUI.framework in Frameworks */,
				CC484E1F8F4D1E2DBD3061F9 /* GameKit.framework in Frameworks */,
				CF4D4969A68D1791C2B2CEE9 /* PluginIAP.framework in Frameworks */,
			);
			runOnlyForDeploymentPostprocessing = 0;
		};
/* End PBXFrameworksBuildPhase section */

/* Begin PBXGroup section */
		15628F5B15F0F5C2000CF24B /* Resources */ = {
			isa = PBXGroup;
			children = (
				22C4092D1D0A241C00FB0601 /* Images.xcassets */,
				1A1A081B18C9DF05005C6854 /* project.json */,
				1A6BF21418C9DB5900FB0E1C /* main.js */,
				C0799CB518BAE62000E9C828 /* res */,
				C03780EA18BEE0E400FE4F13 /* src */,
			);
			name = Resources;
			sourceTree = "<group>";
		};
		1AC6FB35180E9ACB004C840B /* Products */ = {
			isa = PBXGroup;
			children = (
				1AC6FB48180E9ACB004C840B /* libcocos2d Mac.a */,
				1AC6FB56180E9ACB004C840B /* libcocos2d iOS.a */,
				22C4092C1D0A240C00FB0601 /* libcocos2d tvOS.a */,
			);
			name = Products;
			sourceTree = "<group>";
		};
		509D4ACA17EBB2BE00697056 /* mac */ = {
			isa = PBXGroup;
			children = (
				C06E23CB18CEFE680093C81A /* main.cpp */,
				509D4ACB17EBB2BE00697056 /* Icon.icns */,
				509D4ACC17EBB2BE00697056 /* Info.plist */,
				509D4ACE17EBB2BE00697056 /* Prefix.pch */,
			);
			path = mac;
			sourceTree = "<group>";
		};
		9EC44D53B77D37D2F4D3EE3F /* plugin_review_res_bundle */ = {
			isa = PBXGroup;
			children = (
				3A2F4F4590EEA1221A5AC56B /* SdkboxReviewResLocalizable.strings */,
			);
			name = plugin_review_res_bundle;
			path = plugin_review_res_bundle/;
			sourceTree = SOURCE_ROOT;
		};
		A92275321517C094001B78AA = {
			isa = PBXGroup;
			children = (
				C037820118BF76AF00FE4F13 /* cocos2d_js_bindings.xcodeproj */,
				1AC6FB34180E9ACB004C840B /* cocos2d_libs.xcodeproj */,
				BAF426FA19484B3E002B22EF /* script */,
				D4545214156E28EF00887EB5 /* Classes */,
				A92275401517C094001B78AA /* Frameworks */,
				D45446CC156DE73F00887EB5 /* ios */,
				509D4ACA17EBB2BE00697056 /* mac */,
				A922753E1517C094001B78AA /* Products */,
				15628F5B15F0F5C2000CF24B /* Resources */,
				9EC44D53B77D37D2F4D3EE3F /* plugin_review_res_bundle */,
			);
			sourceTree = "<group>";
		};
		A922753E1517C094001B78AA /* Products */ = {
			isa = PBXGroup;
			children = (
				A922753D1517C094001B78AA /* Numbo Jumbo.app */,
				509D4AAA17EBB24E00697056 /* NumboJumbo-desktop.app */,
			);
			name = Products;
			sourceTree = "<group>";
		};
		A92275401517C094001B78AA /* Frameworks */ = {
			isa = PBXGroup;
			children = (
				9FA3AE451BE9BBCA00FC9645 /* GameController.framework */,
				ED545A831B68A21C00C3958E /* libiconv.dylib */,
				ED545A811B68A21500C3958E /* libiconv.dylib */,
				BAEE4D831AC40C11003BEB0F /* Security.framework */,
				BA3A85EB1A724AE900924D24 /* Security.framework */,
				BA4E718019EB6E3E00932425 /* MediaPlayer.framework */,
				D6B061231803AB9F0077942B /* CoreMotion.framework */,
				502380DB17EBB88200990C9B /* libcurl.dylib */,
				509D4AEA17EBB82600697056 /* IOKit.framework */,
				509D4AE817EBB82000697056 /* AppKit.framework */,
				509D4AE617EBB81800697056 /* OpenGL.framework */,
				1A96A4F2174A3432008653A9 /* libcurl.a */,
				1A82F5FA169AC92500C4B13A /* libsqlite3.dylib */,
				D454520B156E22BD00887EB5 /* libz.dylib */,
				A92275411517C094001B78AA /* QuartzCore.framework */,
				A92275431517C094001B78AA /* OpenGLES.framework */,
				A92275451517C094001B78AA /* OpenAL.framework */,
				A92275471517C094001B78AA /* AudioToolbox.framework */,
				A92275491517C094001B78AA /* AVFoundation.framework */,
				A922754B1517C094001B78AA /* UIKit.framework */,
				A922754D1517C094001B78AA /* Foundation.framework */,
				A922754F1517C094001B78AA /* CoreGraphics.framework */,
				53704BE6B1855FCD8B26209E /* sdkbox.framework */,
				63F54AAEB2F9277B3572B233 /* PluginGoogleAnalytics.framework */,
				A8B64028A66E741FE20BF37F /* AdSupport.framework */,
				55D04C85B084A87AEC49F6AC /* CoreData.framework */,
				B0174CE398ABC972C745675E /* SystemConfiguration.framework */,
				ACF2456F8A385886A3B7AED9 /* PluginReview.framework */,
				236649848900E20B000514E6 /* StoreKit.framework */,
				56084D03893CF726E2183B27 /* PluginSdkboxPlay.framework */,
				6ADB4F2CA7FD26B8312F0488 /* CoreMedia.framework */,
				3D684962A11E5C601F70A9C4 /* CoreTelephony.framework */,
				693E46CBA121B2B12CF2EC2B /* EventKit.framework */,
				97F34D5F80385C1245A5F9F1 /* EventKitUI.framework */,
				6F1B4E6E977E9DA6EFB2B8E3 /* MessageUI.framework */,
				7A874055A34C30E19644C77C /* GameKit.framework */,
				CA6B4B6BBF13BDD1CDE72F29 /* PluginIAP.framework */,
			);
			name = Frameworks;
			sourceTree = "<group>";
		};
		C037820218BF76AF00FE4F13 /* Products */ = {
			isa = PBXGroup;
			children = (
				C037820718BF76AF00FE4F13 /* libjscocos2d Mac.a */,
				C037820918BF76AF00FE4F13 /* libjscocos2d iOS.a */,
				22C409291D0A240C00FB0601 /* libjscocos2d tvOS.a */,
			);
			name = Products;
			sourceTree = "<group>";
		};
		D45446CC156DE73F00887EB5 /* ios */ = {
			isa = PBXGroup;
			children = (
				221D94831D2F2B9C007D72D5 /* SharingBridge.mm */,
				22C4092F1D0A264B00FB0601 /* Default-568h@2x.png */,
				22C409301D0A264B00FB0601 /* Default-667h@2x.png */,
				22C409311D0A264B00FB0601 /* Default.png */,
				22C409321D0A264B00FB0601 /* Default@2x.png */,
				509D4AAB17EBB2AB00697056 /* AppController.h */,
				509D4AAC17EBB2AB00697056 /* AppController.mm */,
				509D4AB717EBB2AB00697056 /* Info.plist */,
				509D4AB817EBB2AB00697056 /* main.m */,
				509D4AB917EBB2AB00697056 /* Prefix.pch */,
				509D4ABA17EBB2AB00697056 /* RootViewController.h */,
				509D4ABB17EBB2AB00697056 /* RootViewController.mm */,
				2255AE9D1D2EDB6F00DC989E /* SharingController.m */,
				221D947E1D2F0BE6007D72D5 /* SharingController.h */,
				221D94821D2F27AA007D72D5 /* SharingBridge.h */,
			);
			name = ios;
			sourceTree = "<group>";
		};
		D4545214156E28EF00887EB5 /* Classes */ = {
			isa = PBXGroup;
			children = (
				D4545215156E28EF00887EB5 /* AppDelegate.cpp */,
				D4545216156E28EF00887EB5 /* AppDelegate.h */,
				C49F4E598CB4C4B63F2FA968 /* PluginSdkboxPlayJS.hpp */,
				585D4D98B524C86DFFEDBDE5 /* PluginGoogleAnalyticsJS.cpp */,
				A9A94FB79A3315DAB78F63FE /* PluginGoogleAnalyticsJS.hpp */,
				21E44798B37C801F56D90AA8 /* SDKBoxJSHelper.cpp */,
				0D4E491C97CFC9642C9465EA /* SDKBoxJSHelper.h */,
				58564C70BA385EAE648E625B /* PluginReviewJS.cpp */,
				06C543B0B1EC674C316F9466 /* PluginReviewJS.hpp */,
				B1684BBEB7C0BACA363E6E1C /* PluginReviewJSHelper.cpp */,
				C9F74A06A3C20712DE22CA30 /* PluginReviewJSHelper.h */,
				6E5E4659B60E2AA0C03FCF63 /* PluginSdkboxPlayJS.cpp */,
				67C4447D945516142162E66B /* PluginSdkboxPlayJSHelper.cpp */,
				9851420F948AFE447215C748 /* PluginSdkboxPlayJSHelper.h */,
				90F54032AAFEC894E3EE8A94 /* PluginIAPJS.cpp */,
				FE9F4C328B6C1A282B95682E /* PluginIAPJS.hpp */,
				E31D4F45B6E791B0B2C0345F /* PluginIAPJSHelper.cpp */,
				45FE48F4AF7462D1300D3CCE /* PluginIAPJSHelper.h */,
				2243F5501D3555B900ADB82E /* CampaignManager.h */,
				2243F5531D3558DB00ADB82E /* CampaignManager.cpp */,
			);
			name = Classes;
			path = ../Classes;
			sourceTree = "<group>";
		};
/* End PBXGroup section */

/* Begin PBXNativeTarget section */
		509D4A7517EBB24E00697056 /* NumboJumbo-desktop */ = {
			isa = PBXNativeTarget;
			buildConfigurationList = 509D4AA717EBB24E00697056 /* Build configuration list for PBXNativeTarget "NumboJumbo-desktop" */;
			buildPhases = (
				509D4A8017EBB24E00697056 /* Sources */,
				509D4A9317EBB24E00697056 /* Resources */,
				509D4A8217EBB24E00697056 /* Frameworks */,
			);
			buildRules = (
			);
			dependencies = (
				C037820E18BF77D100FE4F13 /* PBXTargetDependency */,
				1A676820180E9BF70076BC67 /* PBXTargetDependency */,
			);
			name = "NumboJumbo-desktop";
			productName = NumboJumbo;
			productReference = 509D4AAA17EBB24E00697056 /* NumboJumbo-desktop.app */;
			productType = "com.apple.product-type.application";
		};
		A922753C1517C094001B78AA /* NumboJumbo-mobile */ = {
			isa = PBXNativeTarget;
			buildConfigurationList = A92277001517C097001B78AA /* Build configuration list for PBXNativeTarget "NumboJumbo-mobile" */;
			buildPhases = (
				A92275391517C094001B78AA /* Sources */,
				A922753A1517C094001B78AA /* Frameworks */,
				A922753B1517C094001B78AA /* Resources */,
			);
			buildRules = (
			);
			dependencies = (
				C037820B18BF77BC00FE4F13 /* PBXTargetDependency */,
				1A67682F180E9C110076BC67 /* PBXTargetDependency */,
			);
			name = "NumboJumbo-mobile";
			productName = NumboJumbo;
			productReference = A922753D1517C094001B78AA /* Numbo Jumbo.app */;
			productType = "com.apple.product-type.application";
		};
/* End PBXNativeTarget section */

/* Begin PBXProject section */
		A92275341517C094001B78AA /* Project object */ = {
			isa = PBXProject;
			attributes = {
				LastUpgradeCheck = 0500;
				TargetAttributes = {
					A922753C1517C094001B78AA = {
						DevelopmentTeam = 8WB7ES3K9C;
					};
				};
			};
			buildConfigurationList = A92275371517C094001B78AA /* Build configuration list for PBXProject "NumboJumbo" */;
			compatibilityVersion = "Xcode 3.2";
			developmentRegion = English;
			hasScannedForEncodings = 0;
			knownRegions = (
				en,
			);
			mainGroup = A92275321517C094001B78AA;
			productRefGroup = A922753E1517C094001B78AA /* Products */;
			projectDirPath = "";
			projectReferences = (
				{
					ProductGroup = C037820218BF76AF00FE4F13 /* Products */;
					ProjectRef = C037820118BF76AF00FE4F13 /* cocos2d_js_bindings.xcodeproj */;
				},
				{
					ProductGroup = 1AC6FB35180E9ACB004C840B /* Products */;
					ProjectRef = 1AC6FB34180E9ACB004C840B /* cocos2d_libs.xcodeproj */;
				},
			);
			projectRoot = "";
			targets = (
				A922753C1517C094001B78AA /* NumboJumbo-mobile */,
				509D4A7517EBB24E00697056 /* NumboJumbo-desktop */,
			);
		};
/* End PBXProject section */

/* Begin PBXReferenceProxy section */
		1AC6FB48180E9ACB004C840B /* libcocos2d Mac.a */ = {
			isa = PBXReferenceProxy;
			fileType = archive.ar;
			path = "libcocos2d Mac.a";
			remoteRef = 1AC6FB47180E9ACB004C840B /* PBXContainerItemProxy */;
			sourceTree = BUILT_PRODUCTS_DIR;
		};
		1AC6FB56180E9ACB004C840B /* libcocos2d iOS.a */ = {
			isa = PBXReferenceProxy;
			fileType = archive.ar;
			path = "libcocos2d iOS.a";
			remoteRef = 1AC6FB55180E9ACB004C840B /* PBXContainerItemProxy */;
			sourceTree = BUILT_PRODUCTS_DIR;
		};
		22C409291D0A240C00FB0601 /* libjscocos2d tvOS.a */ = {
			isa = PBXReferenceProxy;
			fileType = archive.ar;
			path = "libjscocos2d tvOS.a";
			remoteRef = 22C409281D0A240C00FB0601 /* PBXContainerItemProxy */;
			sourceTree = BUILT_PRODUCTS_DIR;
		};
		22C4092C1D0A240C00FB0601 /* libcocos2d tvOS.a */ = {
			isa = PBXReferenceProxy;
			fileType = archive.ar;
			path = "libcocos2d tvOS.a";
			remoteRef = 22C4092B1D0A240C00FB0601 /* PBXContainerItemProxy */;
			sourceTree = BUILT_PRODUCTS_DIR;
		};
		C037820718BF76AF00FE4F13 /* libjscocos2d Mac.a */ = {
			isa = PBXReferenceProxy;
			fileType = archive.ar;
			path = "libjscocos2d Mac.a";
			remoteRef = C037820618BF76AF00FE4F13 /* PBXContainerItemProxy */;
			sourceTree = BUILT_PRODUCTS_DIR;
		};
		C037820918BF76AF00FE4F13 /* libjscocos2d iOS.a */ = {
			isa = PBXReferenceProxy;
			fileType = archive.ar;
			path = "libjscocos2d iOS.a";
			remoteRef = C037820818BF76AF00FE4F13 /* PBXContainerItemProxy */;
			sourceTree = BUILT_PRODUCTS_DIR;
		};
/* End PBXReferenceProxy section */

/* Begin PBXResourcesBuildPhase section */
		509D4A9317EBB24E00697056 /* Resources */ = {
			isa = PBXResourcesBuildPhase;
			buildActionMask = 2147483647;
			files = (
				1AC22EDE18CA0E11007112B9 /* project.json in Resources */,
				1AD7E0A918C9DBE3004817A6 /* main.js in Resources */,
				C0799CBA18BAE62000E9C828 /* res in Resources */,
				BAF426FC19484B3E002B22EF /* script in Resources */,
				509D4ACF17EBB2BE00697056 /* Icon.icns in Resources */,
				C03780EC18BEE0E400FE4F13 /* src in Resources */,
			);
			runOnlyForDeploymentPostprocessing = 0;
		};
		A922753B1517C094001B78AA /* Resources */ = {
			isa = PBXResourcesBuildPhase;
			buildActionMask = 2147483647;
			files = (
				BAF426FB19484B3E002B22EF /* script in Resources */,
				22C4092E1D0A241C00FB0601 /* Images.xcassets in Resources */,
				1AE159EC18C9DF3600FCA372 /* project.json in Resources */,
				1AD7E0A818C9DB93004817A6 /* main.js in Resources */,
				22C409341D0A264B00FB0601 /* Default-667h@2x.png in Resources */,
				22C409361D0A264B00FB0601 /* Default@2x.png in Resources */,
				C03780EB18BEE0E400FE4F13 /* src in Resources */,
				22C409331D0A264B00FB0601 /* Default-568h@2x.png in Resources */,
				C0799CB918BAE62000E9C828 /* res in Resources */,
				DE124DBEB2E5645925C447D2 /* SdkboxReviewResLocalizable.strings in Resources */,
				22C409351D0A264B00FB0601 /* Default.png in Resources */,
			);
			runOnlyForDeploymentPostprocessing = 0;
		};
/* End PBXResourcesBuildPhase section */

/* Begin PBXSourcesBuildPhase section */
		509D4A8017EBB24E00697056 /* Sources */ = {
			isa = PBXSourcesBuildPhase;
			buildActionMask = 2147483647;
			files = (
				509D4A8117EBB24E00697056 /* AppDelegate.cpp in Sources */,
				C06E23CC18CEFE680093C81A /* main.cpp in Sources */,
			);
			runOnlyForDeploymentPostprocessing = 0;
		};
		A92275391517C094001B78AA /* Sources */ = {
			isa = PBXSourcesBuildPhase;
			buildActionMask = 2147483647;
			files = (
				509D4AC917EBB2AB00697056 /* RootViewController.mm in Sources */,
				D4545227156E28EF00887EB5 /* AppDelegate.cpp in Sources */,
				509D4AC817EBB2AB00697056 /* main.m in Sources */,
				509D4ABC17EBB2AB00697056 /* AppController.mm in Sources */,
				B85246E5BCA98B62F3D1BC60 /* PluginGoogleAnalyticsJS.cpp in Sources */,
				C9CD43A597B21371F871764C /* SDKBoxJSHelper.cpp in Sources */,
				D9494536A269E0757E0BAA2B /* PluginReviewJS.cpp in Sources */,
				175E4BBA994CA30D66D2E07F /* PluginReviewJSHelper.cpp in Sources */,
				221D94841D2F2B9C007D72D5 /* SharingBridge.mm in Sources */,
				39E74D97A9538E36357BBA3E /* PluginSdkboxPlayJS.cpp in Sources */,
				209E4950B0AC9BB39D6AE0AB /* PluginSdkboxPlayJSHelper.cpp in Sources */,
				DF2D48ADA3D046C386B73543 /* PluginIAPJS.cpp in Sources */,
				2255AE9E1D2EDB6F00DC989E /* SharingController.m in Sources */,
				EC59406A95D73BF5228CB967 /* PluginIAPJSHelper.cpp in Sources */,
				2243F5541D3558DB00ADB82E /* CampaignManager.cpp in Sources */,
			);
			runOnlyForDeploymentPostprocessing = 0;
		};
/* End PBXSourcesBuildPhase section */

/* Begin PBXTargetDependency section */
		1A676820180E9BF70076BC67 /* PBXTargetDependency */ = {
			isa = PBXTargetDependency;
			name = "cocos2dx Mac";
			targetProxy = 1A67681F180E9BF70076BC67 /* PBXContainerItemProxy */;
		};
		1A67682F180E9C110076BC67 /* PBXTargetDependency */ = {
			isa = PBXTargetDependency;
			name = "cocos2dx iOS";
			targetProxy = 1A67682E180E9C110076BC67 /* PBXContainerItemProxy */;
		};
		C037820B18BF77BC00FE4F13 /* PBXTargetDependency */ = {
			isa = PBXTargetDependency;
			name = "jsbindings iOS";
			targetProxy = C037820A18BF77BC00FE4F13 /* PBXContainerItemProxy */;
		};
		C037820E18BF77D100FE4F13 /* PBXTargetDependency */ = {
			isa = PBXTargetDependency;
			name = "jsbindings Mac";
			targetProxy = C037820D18BF77D100FE4F13 /* PBXContainerItemProxy */;
		};
/* End PBXTargetDependency section */

/* Begin PBXVariantGroup section */
		3A2F4F4590EEA1221A5AC56B /* SdkboxReviewResLocalizable.strings */ = {
			isa = PBXVariantGroup;
			children = (
				59D14F3B8A4CE3EA16D3E813 /* ar */,
				819548A7BD34B79234000CC0 /* ca */,
				D8B24F42BA83BC8EE2E40988 /* cs */,
				3999451D8D33243EED32B842 /* da */,
				A6EB49E68410D28ED4453108 /* de */,
				6F09403CBCC98A91696652C6 /* el */,
				CA3B401CA1D6FB5761BC15F2 /* en */,
				6A194B7BA4007392872C63BF /* es */,
				391443D1AAAD9D7B2E5C6E5C /* fi */,
				E56947CD8B3CAB6A32A51330 /* fr */,
				C8BD4737BDF4480DB320C163 /* he */,
				260E45C2B6C5EC22AA27B2A1 /* hu */,
				204C4D82A47426462D496ECD /* id */,
				B3A146D5A781E4ACEA3DCAD9 /* it */,
				1B4940518D36BFE85E86D335 /* ja */,
				CC71437A979FEA3EFA0459CE /* ko */,
				E37A45178206FE0D25424C98 /* ms */,
				19A74344A7E2C2A074FDEDD9 /* nb */,
				67A246DA84FD0C95AB69FCB0 /* nl */,
				AE1E44F598D2B213155C2704 /* pl */,
				883B43ABAADB4EBACA06E18C /* pt-BR */,
				F770455984236BB84B55E6A4 /* pt */,
				99D64EB883C1C965D3DDF584 /* ro */,
				AEF24C95B70D73914C79A71A /* ru */,
				031C4F118870CECAF4725D9A /* sk */,
				7CE740C294FC39809AF589C8 /* sv */,
				CA5847B8BD74386423042EA1 /* th */,
				CE324655BA0A3FDB3C88D6FE /* tr */,
				6FC946CD9C6CCF603A894DFC /* uk */,
				D9704B38BD691A767F34CF3F /* vi */,
				BE584555BB45FA0B19158440 /* zh-Hans */,
				1C5842409AED801982F7F8D0 /* zh-Hant */,
			);
			name = SdkboxReviewResLocalizable.strings;
			sourceTree = "<group>";
		};
/* End PBXVariantGroup section */

/* Begin XCBuildConfiguration section */
		509D4AA817EBB24E00697056 /* Debug */ = {
			isa = XCBuildConfiguration;
			buildSettings = {
				ALWAYS_SEARCH_USER_PATHS = YES;
				ARCHS = "$(ARCHS_STANDARD_64_BIT)";
				COMBINE_HIDPI_IMAGES = YES;
				DEAD_CODE_STRIPPING = YES;
				GCC_DYNAMIC_NO_PIC = NO;
				GCC_PRECOMPILE_PREFIX_HEADER = YES;
				GCC_PREFIX_HEADER = mac/Prefix.pch;
				GCC_PREPROCESSOR_DEFINITIONS = "$(inherited)";
				GCC_SYMBOLS_PRIVATE_EXTERN = YES;
				HEADER_SEARCH_PATHS = "";
				INFOPLIST_FILE = mac/Info.plist;
				LIBRARY_SEARCH_PATHS = "";
				OTHER_LDFLAGS = "";
				SDKROOT = macosx;
				USER_HEADER_SEARCH_PATHS = "$(inherited) $(SRCROOT)/../../cocos2d-x/external/glfw3/include/mac $(SRCROOT)/../../cocos2d-x/external/spidermonkey/include/mac";
			};
			name = Debug;
		};
		509D4AA917EBB24E00697056 /* Release */ = {
			isa = XCBuildConfiguration;
			buildSettings = {
				ALWAYS_SEARCH_USER_PATHS = YES;
				ARCHS = "$(ARCHS_STANDARD_64_BIT)";
				COMBINE_HIDPI_IMAGES = YES;
				DEAD_CODE_STRIPPING = YES;
				GCC_GENERATE_DEBUGGING_SYMBOLS = NO;
				GCC_PRECOMPILE_PREFIX_HEADER = YES;
				GCC_PREFIX_HEADER = mac/Prefix.pch;
				GCC_PREPROCESSOR_DEFINITIONS = "$(inherited)";
				GCC_SYMBOLS_PRIVATE_EXTERN = YES;
				HEADER_SEARCH_PATHS = "";
				INFOPLIST_FILE = mac/Info.plist;
				LIBRARY_SEARCH_PATHS = "";
				OTHER_LDFLAGS = "";
				SDKROOT = macosx;
				USER_HEADER_SEARCH_PATHS = "$(inherited) $(SRCROOT)/../../cocos2d-x/external/glfw3/include/mac $(SRCROOT)/../../cocos2d-x/external/spidermonkey/include/mac";
			};
			name = Release;
		};
		A92276FE1517C097001B78AA /* Debug */ = {
			isa = XCBuildConfiguration;
			buildSettings = {
				CLANG_CXX_LANGUAGE_STANDARD = "c++0x";
				CLANG_CXX_LIBRARY = "libc++";
				COPY_PHASE_STRIP = NO;
				GCC_C_LANGUAGE_STANDARD = c99;
				GCC_OPTIMIZATION_LEVEL = 0;
				GCC_PREPROCESSOR_DEFINITIONS = (
					"COCOS2D_DEBUG=1",
					USE_FILE32API,
					COCOS2D_JAVASCRIPT,
					CC_ENABLE_CHIPMUNK_INTEGRATION,
				);
				GCC_SYMBOLS_PRIVATE_EXTERN = NO;
				GCC_WARN_ABOUT_RETURN_TYPE = YES;
				GCC_WARN_UNUSED_VARIABLE = YES;
				HEADER_SEARCH_PATHS = "";
				IPHONEOS_DEPLOYMENT_TARGET = 6.0;
				MACOSX_DEPLOYMENT_TARGET = 10.8;
				ONLY_ACTIVE_ARCH = YES;
				PRODUCT_NAME = "$(TARGET_NAME)";
				USER_HEADER_SEARCH_PATHS = "$(SRCROOT)/../../cocos2d-x $(SRCROOT)/../../cocos2d-x/cocos/audio/include $(SRCROOT)/../../cocos2d-x/cocos $(SRCROOT)/../../cocos2d-x/extensions $(SRCROOT)/../../cocos2d-x/external $(SRCROOT)/../../cocos2d-x/external/chipmunk/include/chipmunk $(SRCROOT)/../../cocos2d-x/cocos/editor-support";
			};
			name = Debug;
		};
		A92276FF1517C097001B78AA /* Release */ = {
			isa = XCBuildConfiguration;
			buildSettings = {
				CLANG_CXX_LANGUAGE_STANDARD = "c++0x";
				CLANG_CXX_LIBRARY = "libc++";
				GCC_C_LANGUAGE_STANDARD = c99;
				GCC_PREPROCESSOR_DEFINITIONS = (
					NDEBUG,
					USE_FILE32API,
					COCOS2D_JAVASCRIPT,
					CC_ENABLE_CHIPMUNK_INTEGRATION,
				);
				GCC_WARN_ABOUT_RETURN_TYPE = YES;
				GCC_WARN_UNUSED_VARIABLE = YES;
				HEADER_SEARCH_PATHS = "";
				IPHONEOS_DEPLOYMENT_TARGET = 6.0;
				MACOSX_DEPLOYMENT_TARGET = 10.8;
				OTHER_CFLAGS = "-DNS_BLOCK_ASSERTIONS=1";
				PRODUCT_NAME = "$(TARGET_NAME)";
				USER_HEADER_SEARCH_PATHS = "$(SRCROOT)/../../cocos2d-x $(SRCROOT)/../../cocos2d-x/cocos/audio/include $(SRCROOT)/../../cocos2d-x/cocos $(SRCROOT)/../../cocos2d-x/extensions $(SRCROOT)/../../cocos2d-x/external $(SRCROOT)/../../cocos2d-x/external/chipmunk/include/chipmunk $(SRCROOT)/../../cocos2d-x/cocos/editor-support";
				VALIDATE_PRODUCT = YES;
			};
			name = Release;
		};
		A92277011517C097001B78AA /* Debug */ = {
			isa = XCBuildConfiguration;
			buildSettings = {
				ALWAYS_SEARCH_USER_PATHS = YES;
				ASSETCATALOG_COMPILER_APPICON_NAME = AppIcon;
				ASSETCATALOG_COMPILER_LAUNCHIMAGE_NAME = "Brand Assets";
				CODE_SIGN_IDENTITY = "iPhone Developer";
				COMPRESS_PNG_FILES = NO;
				ENABLE_BITCODE = NO;
				FRAMEWORK_SEARCH_PATHS = "\"$(SRCROOT)\"";
				GCC_DYNAMIC_NO_PIC = NO;
				GCC_GENERATE_DEBUGGING_SYMBOLS = YES;
				GCC_PRECOMPILE_PREFIX_HEADER = YES;
				GCC_PREFIX_HEADER = ios/Prefix.pch;
				GCC_PREPROCESSOR_DEFINITIONS = "$(inherited)";
				GCC_SYMBOLS_PRIVATE_EXTERN = YES;
				HEADER_SEARCH_PATHS = "";
				INFOPLIST_FILE = ios/Info.plist;
				IPHONEOS_DEPLOYMENT_TARGET = 6.0;
				LIBRARY_SEARCH_PATHS = (
					"\"sdkbox.framework\"",
					"\"PluginGoogleAnalytics.framework\"",
					"\"PluginReview.framework\"",
					"\"PluginSdkboxPlay.framework\"",
					"\"PluginIAP.framework\"",
				);
				OTHER_CFLAGS = "-DSDKBOX_ENABLED";
				OTHER_LDFLAGS = " -ObjC";
				PRODUCT_BUNDLE_IDENTIFIER = com.wombocombo.numbojumbo;
				PRODUCT_MODULE_NAME = "Numbo Jumbo";
				PRODUCT_NAME = "Numbo Jumbo";
				SDKROOT = iphoneos;
				TARGETED_DEVICE_FAMILY = "1,2";
				USER_HEADER_SEARCH_PATHS = "$(inherited) $(SRCROOT)/../../cocos2d-x/external/spidermonkey/include/ios $(SRCROOT)/../../cocos2d-x/plugin/jsbindings/auto $(SRCROOT)/../../cocos2d-x/plugin/jsbindings/manual $(SRCROOT)/../../cocos2d-x/cocos";
				VALID_ARCHS = "arm64 armv7";
			};
			name = Debug;
		};
		A92277021517C097001B78AA /* Release */ = {
			isa = XCBuildConfiguration;
			buildSettings = {
				ALWAYS_SEARCH_USER_PATHS = YES;
				ASSETCATALOG_COMPILER_APPICON_NAME = AppIcon;
				ASSETCATALOG_COMPILER_LAUNCHIMAGE_NAME = "Brand Assets";
				CODE_SIGN_IDENTITY = "iPhone Developer";
				COMPRESS_PNG_FILES = NO;
				ENABLE_BITCODE = NO;
				FRAMEWORK_SEARCH_PATHS = "\"$(SRCROOT)\"";
				GCC_GENERATE_DEBUGGING_SYMBOLS = NO;
				GCC_PRECOMPILE_PREFIX_HEADER = YES;
				GCC_PREFIX_HEADER = ios/Prefix.pch;
				GCC_PREPROCESSOR_DEFINITIONS = "$(inherited)";
				GCC_SYMBOLS_PRIVATE_EXTERN = YES;
				HEADER_SEARCH_PATHS = "";
				INFOPLIST_FILE = ios/Info.plist;
				IPHONEOS_DEPLOYMENT_TARGET = 6.0;
				LIBRARY_SEARCH_PATHS = (
					"\"sdkbox.framework\"",
					"\"PluginGoogleAnalytics.framework\"",
					"\"PluginReview.framework\"",
					"\"PluginSdkboxPlay.framework\"",
					"\"PluginIAP.framework\"",
				);
				OTHER_CFLAGS = "-DSDKBOX_ENABLED";
				OTHER_LDFLAGS = " -ObjC";
				PRODUCT_BUNDLE_IDENTIFIER = com.wombocombo.numbojumbo;
				PRODUCT_MODULE_NAME = "Numbo Jumbo";
				PRODUCT_NAME = "Numbo Jumbo";
				SDKROOT = iphoneos;
				TARGETED_DEVICE_FAMILY = "1,2";
				USER_HEADER_SEARCH_PATHS = "$(inherited) $(SRCROOT)/../../cocos2d-x/external/spidermonkey/include/ios $(SRCROOT)/../../cocos2d-x/plugin/jsbindings/auto $(SRCROOT)/../../cocos2d-x/plugin/jsbindings/manual $(SRCROOT)/../../cocos2d-x/cocos";
				VALID_ARCHS = "arm64 armv7";
			};
			name = Release;
		};
/* End XCBuildConfiguration section */

/* Begin XCConfigurationList section */
		509D4AA717EBB24E00697056 /* Build configuration list for PBXNativeTarget "NumboJumbo-desktop" */ = {
			isa = XCConfigurationList;
			buildConfigurations = (
				509D4AA817EBB24E00697056 /* Debug */,
				509D4AA917EBB24E00697056 /* Release */,
			);
			defaultConfigurationIsVisible = 0;
			defaultConfigurationName = Release;
		};
		A92275371517C094001B78AA /* Build configuration list for PBXProject "NumboJumbo" */ = {
			isa = XCConfigurationList;
			buildConfigurations = (
				A92276FE1517C097001B78AA /* Debug */,
				A92276FF1517C097001B78AA /* Release */,
			);
			defaultConfigurationIsVisible = 0;
			defaultConfigurationName = Release;
		};
		A92277001517C097001B78AA /* Build configuration list for PBXNativeTarget "NumboJumbo-mobile" */ = {
			isa = XCConfigurationList;
			buildConfigurations = (
				A92277011517C097001B78AA /* Debug */,
				A92277021517C097001B78AA /* Release */,
			);
			defaultConfigurationIsVisible = 0;
			defaultConfigurationName = Release;
		};
/* End XCConfigurationList section */
	};
	rootObject = A92275341517C094001B78AA /* Project object */;
}
